
Microsoft Visual Studio Solution File, Format Version 12.00
# Visual Studio Version 17
VisualStudioVersion = 17.2.32630.192
MinimumVisualStudioVersion = 10.0.40219.1
Project("{FAE04EC0-301F-11D3-BF4B-00C04F79EFBC}") = "Simulator.Models", "src\Simulator.Models\Simulator.Models.csproj", "{CA24BD2B-B5B3-4DCF-B893-BB04E726D5DA}"
EndProject
Global
	GlobalSection(SolutionConfigurationPlatforms) = preSolution
		Debug|Any CPU = Debug|Any CPU
		Release|Any CPU = Release|Any CPU
	EndGlobalSection
	GlobalSection(ProjectConfigurationPlatforms) = postSolution
		{B74717FE-9EC4-4D46-8F1B-47C4D92770EC}.Debug|Any CPU.ActiveCfg = Debug|Any CPU
		{B74717FE-9EC4-4D46-8F1B-47C4D92770EC}.Debug|Any CPU.Build.0 = Debug|Any CPU
		{B74717FE-9EC4-4D46-8F1B-47C4D92770EC}.Release|Any CPU.ActiveCfg = Release|Any CPU
		{B74717FE-9EC4-4D46-8F1B-47C4D92770EC}.Release|Any CPU.Build.0 = Release|Any CPU
	EndGlobalSection
	GlobalSection(SolutionProperties) = preSolution
		HideSolutionNode = FALSE
	EndGlobalSection
	GlobalSection(ExtensibilityGlobals) = postSolution
		SolutionGuid = {40FFF554-B64A-4AD9-9E76-2B737C9B47AD}
	EndGlobalSection
EndGlobal
